// !$*UTF8*$!
{
	archiveVersion = 1;
	classes = {
	};
	objectVersion = 56;
	objects = {

/* Begin PBXBuildFile section */
		00AD2D61290EE5C700CABB58 /* AppDelegate.swift in Sources */ = {isa = PBXBuildFile; fileRef = 00AD2D60290EE5C700CABB58 /* AppDelegate.swift */; };
		00AD2D63290EE5C700CABB58 /* SceneDelegate.swift in Sources */ = {isa = PBXBuildFile; fileRef = 00AD2D62290EE5C700CABB58 /* SceneDelegate.swift */; };
		00AD2D65290EE5C700CABB58 /* ViewController.swift in Sources */ = {isa = PBXBuildFile; fileRef = 00AD2D64290EE5C700CABB58 /* ViewController.swift */; };
		00AD2D6A290EE5C800CABB58 /* Assets.xcassets in Resources */ = {isa = PBXBuildFile; fileRef = 00AD2D69290EE5C800CABB58 /* Assets.xcassets */; };
		00AD2D6D290EE5C800CABB58 /* LaunchScreen.storyboard in Resources */ = {isa = PBXBuildFile; fileRef = 00AD2D6B290EE5C800CABB58 /* LaunchScreen.storyboard */; };
		D955E65C291035ED005CD7E2 /* WinningViewController.swift in Sources */ = {isa = PBXBuildFile; fileRef = D955E65B291035ED005CD7E2 /* WinningViewController.swift */; };
		D955E65E291037AB005CD7E2 /* WinningCell.swift in Sources */ = {isa = PBXBuildFile; fileRef = D955E65D291037AB005CD7E2 /* WinningCell.swift */; };
		D955E66429103CC0005CD7E2 /* PrizeModel.swift in Sources */ = {isa = PBXBuildFile; fileRef = D955E66329103CC0005CD7E2 /* PrizeModel.swift */; };
		D955E666291177DE005CD7E2 /* QuestionsViewController.swift in Sources */ = {isa = PBXBuildFile; fileRef = D955E665291177DE005CD7E2 /* QuestionsViewController.swift */; };
/* End PBXBuildFile section */

/* Begin PBXFileReference section */
		00AD2D5D290EE5C700CABB58 /* WhoWantToBeMillionaireChallenge.app */ = {isa = PBXFileReference; explicitFileType = wrapper.application; includeInIndex = 0; path = WhoWantToBeMillionaireChallenge.app; sourceTree = BUILT_PRODUCTS_DIR; };
		00AD2D60290EE5C700CABB58 /* AppDelegate.swift */ = {isa = PBXFileReference; lastKnownFileType = sourcecode.swift; path = AppDelegate.swift; sourceTree = "<group>"; };
		00AD2D62290EE5C700CABB58 /* SceneDelegate.swift */ = {isa = PBXFileReference; lastKnownFileType = sourcecode.swift; path = SceneDelegate.swift; sourceTree = "<group>"; };
		00AD2D64290EE5C700CABB58 /* ViewController.swift */ = {isa = PBXFileReference; lastKnownFileType = sourcecode.swift; path = ViewController.swift; sourceTree = "<group>"; };
		00AD2D69290EE5C800CABB58 /* Assets.xcassets */ = {isa = PBXFileReference; lastKnownFileType = folder.assetcatalog; path = Assets.xcassets; sourceTree = "<group>"; };
		00AD2D6C290EE5C800CABB58 /* Base */ = {isa = PBXFileReference; lastKnownFileType = file.storyboard; name = Base; path = Base.lproj/LaunchScreen.storyboard; sourceTree = "<group>"; };
		00AD2D6E290EE5C800CABB58 /* Info.plist */ = {isa = PBXFileReference; lastKnownFileType = text.plist.xml; path = Info.plist; sourceTree = "<group>"; };
		D955E65B291035ED005CD7E2 /* WinningViewController.swift */ = {isa = PBXFileReference; lastKnownFileType = sourcecode.swift; path = WinningViewController.swift; sourceTree = "<group>"; };
		D955E65D291037AB005CD7E2 /* WinningCell.swift */ = {isa = PBXFileReference; lastKnownFileType = sourcecode.swift; path = WinningCell.swift; sourceTree = "<group>"; };
		D955E66329103CC0005CD7E2 /* PrizeModel.swift */ = {isa = PBXFileReference; lastKnownFileType = sourcecode.swift; path = PrizeModel.swift; sourceTree = "<group>"; };
		D955E665291177DE005CD7E2 /* QuestionsViewController.swift */ = {isa = PBXFileReference; lastKnownFileType = sourcecode.swift; path = QuestionsViewController.swift; sourceTree = "<group>"; };
/* End PBXFileReference section */

/* Begin PBXFrameworksBuildPhase section */
		00AD2D5A290EE5C700CABB58 /* Frameworks */ = {
			isa = PBXFrameworksBuildPhase;
			buildActionMask = 2147483647;
			files = (
			);
			runOnlyForDeploymentPostprocessing = 0;
		};
/* End PBXFrameworksBuildPhase section */

/* Begin PBXGroup section */
		00AD2D54290EE5C700CABB58 = {
			isa = PBXGroup;
			children = (
				00AD2D5F290EE5C700CABB58 /* WhoWantToBeMillionaireChallenge */,
				00AD2D5E290EE5C700CABB58 /* Products */,
			);
			sourceTree = "<group>";
		};
		00AD2D5E290EE5C700CABB58 /* Products */ = {
			isa = PBXGroup;
			children = (
				00AD2D5D290EE5C700CABB58 /* WhoWantToBeMillionaireChallenge.app */,
			);
			name = Products;
			sourceTree = "<group>";
		};
		00AD2D5F290EE5C700CABB58 /* WhoWantToBeMillionaireChallenge */ = {
			isa = PBXGroup;
			children = (
				D955E66129103C8C005CD7E2 /* App */,
				D955E660291037C6005CD7E2 /* Controllers */,
				D955E65F291037BB005CD7E2 /* Cells */,
				D955E66229103C9D005CD7E2 /* Models */,
				00AD2D69290EE5C800CABB58 /* Assets.xcassets */,
				00AD2D6B290EE5C800CABB58 /* LaunchScreen.storyboard */,
				00AD2D6E290EE5C800CABB58 /* Info.plist */,
			);
			path = WhoWantToBeMillionaireChallenge;
			sourceTree = "<group>";
		};
		D955E65F291037BB005CD7E2 /* Cells */ = {
			isa = PBXGroup;
			children = (
				D955E65D291037AB005CD7E2 /* WinningCell.swift */,
			);
			path = Cells;
			sourceTree = "<group>";
		};
		D955E660291037C6005CD7E2 /* Controllers */ = {
			isa = PBXGroup;
			children = (
				00AD2D64290EE5C700CABB58 /* ViewController.swift */,
				D955E665291177DE005CD7E2 /* QuestionsViewController.swift */,
				D955E65B291035ED005CD7E2 /* WinningViewController.swift */,
			);
			path = Controllers;
			sourceTree = "<group>";
		};
		D955E66129103C8C005CD7E2 /* App */ = {
			isa = PBXGroup;
			children = (
				00AD2D60290EE5C700CABB58 /* AppDelegate.swift */,
				00AD2D62290EE5C700CABB58 /* SceneDelegate.swift */,
			);
			path = App;
			sourceTree = "<group>";
		};
		D955E66229103C9D005CD7E2 /* Models */ = {
			isa = PBXGroup;
			children = (
				D955E66329103CC0005CD7E2 /* PrizeModel.swift */,
			);
			path = Models;
			sourceTree = "<group>";
		};
/* End PBXGroup section */

/* Begin PBXNativeTarget section */
		00AD2D5C290EE5C700CABB58 /* WhoWantToBeMillionaireChallenge */ = {
			isa = PBXNativeTarget;
			buildConfigurationList = 00AD2D71290EE5C800CABB58 /* Build configuration list for PBXNativeTarget "WhoWantToBeMillionaireChallenge" */;
			buildPhases = (
				00AD2D59290EE5C700CABB58 /* Sources */,
				00AD2D5A290EE5C700CABB58 /* Frameworks */,
				00AD2D5B290EE5C700CABB58 /* Resources */,
			);
			buildRules = (
			);
			dependencies = (
			);
			name = WhoWantToBeMillionaireChallenge;
			productName = WhoWantToBeMillionaireChallenge;
			productReference = 00AD2D5D290EE5C700CABB58 /* WhoWantToBeMillionaireChallenge.app */;
			productType = "com.apple.product-type.application";
		};
/* End PBXNativeTarget section */

/* Begin PBXProject section */
		00AD2D55290EE5C700CABB58 /* Project object */ = {
			isa = PBXProject;
			attributes = {
				BuildIndependentTargetsInParallel = 1;
				LastSwiftUpdateCheck = 1400;
				LastUpgradeCheck = 1400;
				TargetAttributes = {
					00AD2D5C290EE5C700CABB58 = {
						CreatedOnToolsVersion = 14.0;
					};
				};
			};
			buildConfigurationList = 00AD2D58290EE5C700CABB58 /* Build configuration list for PBXProject "WhoWantToBeMillionaireChallenge" */;
			compatibilityVersion = "Xcode 14.0";
			developmentRegion = en;
			hasScannedForEncodings = 0;
			knownRegions = (
				en,
				Base,
			);
			mainGroup = 00AD2D54290EE5C700CABB58;
			productRefGroup = 00AD2D5E290EE5C700CABB58 /* Products */;
			projectDirPath = "";
			projectRoot = "";
			targets = (
				00AD2D5C290EE5C700CABB58 /* WhoWantToBeMillionaireChallenge */,
			);
		};
/* End PBXProject section */

/* Begin PBXResourcesBuildPhase section */
		00AD2D5B290EE5C700CABB58 /* Resources */ = {
			isa = PBXResourcesBuildPhase;
			buildActionMask = 2147483647;
			files = (
				00AD2D6D290EE5C800CABB58 /* LaunchScreen.storyboard in Resources */,
				00AD2D6A290EE5C800CABB58 /* Assets.xcassets in Resources */,
			);
			runOnlyForDeploymentPostprocessing = 0;
		};
/* End PBXResourcesBuildPhase section */

/* Begin PBXSourcesBuildPhase section */
		00AD2D59290EE5C700CABB58 /* Sources */ = {
			isa = PBXSourcesBuildPhase;
			buildActionMask = 2147483647;
			files = (
				00AD2D65290EE5C700CABB58 /* ViewController.swift in Sources */,
				D955E666291177DE005CD7E2 /* QuestionsViewController.swift in Sources */,
				D955E65C291035ED005CD7E2 /* WinningViewController.swift in Sources */,
				D955E66429103CC0005CD7E2 /* PrizeModel.swift in Sources */,
				D955E65E291037AB005CD7E2 /* WinningCell.swift in Sources */,
				00AD2D61290EE5C700CABB58 /* AppDelegate.swift in Sources */,
				00AD2D63290EE5C700CABB58 /* SceneDelegate.swift in Sources */,
			);
			runOnlyForDeploymentPostprocessing = 0;
		};
/* End PBXSourcesBuildPhase section */

/* Begin PBXVariantGroup section */
		00AD2D6B290EE5C800CABB58 /* LaunchScreen.storyboard */ = {
			isa = PBXVariantGroup;
			children = (
				00AD2D6C290EE5C800CABB58 /* Base */,
			);
			name = LaunchScreen.storyboard;
			sourceTree = "<group>";
		};
/* End PBXVariantGroup section */

/* Begin XCBuildConfiguration section */
		00AD2D6F290EE5C800CABB58 /* Debug */ = {
			isa = XCBuildConfiguration;
			buildSettings = {
				ALWAYS_SEARCH_USER_PATHS = NO;
				CLANG_ANALYZER_NONNULL = YES;
				CLANG_ANALYZER_NUMBER_OBJECT_CONVERSION = YES_AGGRESSIVE;
				CLANG_CXX_LANGUAGE_STANDARD = "gnu++20";
				CLANG_ENABLE_MODULES = YES;
				CLANG_ENABLE_OBJC_ARC = YES;
				CLANG_ENABLE_OBJC_WEAK = YES;
				CLANG_WARN_BLOCK_CAPTURE_AUTORELEASING = YES;
				CLANG_WARN_BOOL_CONVERSION = YES;
				CLANG_WARN_COMMA = YES;
				CLANG_WARN_CONSTANT_CONVERSION = YES;
				CLANG_WARN_DEPRECATED_OBJC_IMPLEMENTATIONS = YES;
				CLANG_WARN_DIRECT_OBJC_ISA_USAGE = YES_ERROR;
				CLANG_WARN_DOCUMENTATION_COMMENTS = YES;
				CLANG_WARN_EMPTY_BODY = YES;
				CLANG_WARN_ENUM_CONVERSION = YES;
				CLANG_WARN_INFINITE_RECURSION = YES;
				CLANG_WARN_INT_CONVERSION = YES;
				CLANG_WARN_NON_LITERAL_NULL_CONVERSION = YES;
				CLANG_WARN_OBJC_IMPLICIT_RETAIN_SELF = YES;
				CLANG_WARN_OBJC_LITERAL_CONVERSION = YES;
				CLANG_WARN_OBJC_ROOT_CLASS = YES_ERROR;
				CLANG_WARN_QUOTED_INCLUDE_IN_FRAMEWORK_HEADER = YES;
				CLANG_WARN_RANGE_LOOP_ANALYSIS = YES;
				CLANG_WARN_STRICT_PROTOTYPES = YES;
				CLANG_WARN_SUSPICIOUS_MOVE = YES;
				CLANG_WARN_UNGUARDED_AVAILABILITY = YES_AGGRESSIVE;
				CLANG_WARN_UNREACHABLE_CODE = YES;
				CLANG_WARN__DUPLICATE_METHOD_MATCH = YES;
				COPY_PHASE_STRIP = NO;
				DEBUG_INFORMATION_FORMAT = dwarf;
				ENABLE_STRICT_OBJC_MSGSEND = YES;
				ENABLE_TESTABILITY = YES;
				GCC_C_LANGUAGE_STANDARD = gnu11;
				GCC_DYNAMIC_NO_PIC = NO;
				GCC_NO_COMMON_BLOCKS = YES;
				GCC_OPTIMIZATION_LEVEL = 0;
				GCC_PREPROCESSOR_DEFINITIONS = (
					"DEBUG=1",
					"$(inherited)",
				);
				GCC_WARN_64_TO_32_BIT_CONVERSION = YES;
				GCC_WARN_ABOUT_RETURN_TYPE = YES_ERROR;
				GCC_WARN_UNDECLARED_SELECTOR = YES;
				GCC_WARN_UNINITIALIZED_AUTOS = YES_AGGRESSIVE;
				GCC_WARN_UNUSED_FUNCTION = YES;
				GCC_WARN_UNUSED_VARIABLE = YES;
				IPHONEOS_DEPLOYMENT_TARGET = 16.0;
				MTL_ENABLE_DEBUG_INFO = INCLUDE_SOURCE;
				MTL_FAST_MATH = YES;
				ONLY_ACTIVE_ARCH = YES;
				SDKROOT = iphoneos;
				SWIFT_ACTIVE_COMPILATION_CONDITIONS = DEBUG;
				SWIFT_OPTIMIZATION_LEVEL = "-Onone";
			};
			name = Debug;
		};
		00AD2D70290EE5C800CABB58 /* Release */ = {
			isa = XCBuildConfiguration;
			buildSettings = {
				ALWAYS_SEARCH_USER_PATHS = NO;
				CLANG_ANALYZER_NONNULL = YES;
				CLANG_ANALYZER_NUMBER_OBJECT_CONVERSION = YES_AGGRESSIVE;
				CLANG_CXX_LANGUAGE_STANDARD = "gnu++20";
				CLANG_ENABLE_MODULES = YES;
				CLANG_ENABLE_OBJC_ARC = YES;
				CLANG_ENABLE_OBJC_WEAK = YES;
				CLANG_WARN_BLOCK_CAPTURE_AUTORELEASING = YES;
				CLANG_WARN_BOOL_CONVERSION = YES;
				CLANG_WARN_COMMA = YES;
				CLANG_WARN_CONSTANT_CONVERSION = YES;
				CLANG_WARN_DEPRECATED_OBJC_IMPLEMENTATIONS = YES;
				CLANG_WARN_DIRECT_OBJC_ISA_USAGE = YES_ERROR;
				CLANG_WARN_DOCUMENTATION_COMMENTS = YES;
				CLANG_WARN_EMPTY_BODY = YES;
				CLANG_WARN_ENUM_CONVERSION = YES;
				CLANG_WARN_INFINITE_RECURSION = YES;
				CLANG_WARN_INT_CONVERSION = YES;
				CLANG_WARN_NON_LITERAL_NULL_CONVERSION = YES;
				CLANG_WARN_OBJC_IMPLICIT_RETAIN_SELF = YES;
				CLANG_WARN_OBJC_LITERAL_CONVERSION = YES;
				CLANG_WARN_OBJC_ROOT_CLASS = YES_ERROR;
				CLANG_WARN_QUOTED_INCLUDE_IN_FRAMEWORK_HEADER = YES;
				CLANG_WARN_RANGE_LOOP_ANALYSIS = YES;
				CLANG_WARN_STRICT_PROTOTYPES = YES;
				CLANG_WARN_SUSPICIOUS_MOVE = YES;
				CLANG_WARN_UNGUARDED_AVAILABILITY = YES_AGGRESSIVE;
				CLANG_WARN_UNREACHABLE_CODE = YES;
				CLANG_WARN__DUPLICATE_METHOD_MATCH = YES;
				COPY_PHASE_STRIP = NO;
				DEBUG_INFORMATION_FORMAT = "dwarf-with-dsym";
				ENABLE_NS_ASSERTIONS = NO;
				ENABLE_STRICT_OBJC_MSGSEND = YES;
				GCC_C_LANGUAGE_STANDARD = gnu11;
				GCC_NO_COMMON_BLOCKS = YES;
				GCC_WARN_64_TO_32_BIT_CONVERSION = YES;
				GCC_WARN_ABOUT_RETURN_TYPE = YES_ERROR;
				GCC_WARN_UNDECLARED_SELECTOR = YES;
				GCC_WARN_UNINITIALIZED_AUTOS = YES_AGGRESSIVE;
				GCC_WARN_UNUSED_FUNCTION = YES;
				GCC_WARN_UNUSED_VARIABLE = YES;
				IPHONEOS_DEPLOYMENT_TARGET = 16.0;
				MTL_ENABLE_DEBUG_INFO = NO;
				MTL_FAST_MATH = YES;
				SDKROOT = iphoneos;
				SWIFT_COMPILATION_MODE = wholemodule;
				SWIFT_OPTIMIZATION_LEVEL = "-O";
				VALIDATE_PRODUCT = YES;
			};
			name = Release;
		};
		00AD2D72290EE5C800CABB58 /* Debug */ = {
			isa = XCBuildConfiguration;
			buildSettings = {
				ASSETCATALOG_COMPILER_APPICON_NAME = AppIcon;
				ASSETCATALOG_COMPILER_GLOBAL_ACCENT_COLOR_NAME = AccentColor;
				CODE_SIGN_STYLE = Automatic;
				CURRENT_PROJECT_VERSION = 1;
				DEVELOPMENT_TEAM = 76N9URDUCT;
				GENERATE_INFOPLIST_FILE = YES;
				INFOPLIST_FILE = WhoWantToBeMillionaireChallenge/Info.plist;
				INFOPLIST_KEY_UIApplicationSupportsIndirectInputEvents = YES;
				INFOPLIST_KEY_UILaunchStoryboardName = LaunchScreen;
				INFOPLIST_KEY_UIMainStoryboardFile = "";
				INFOPLIST_KEY_UISupportedInterfaceOrientations_iPad = "UIInterfaceOrientationPortrait UIInterfaceOrientationPortraitUpsideDown UIInterfaceOrientationLandscapeLeft UIInterfaceOrientationLandscapeRight";
				INFOPLIST_KEY_UISupportedInterfaceOrientations_iPhone = "UIInterfaceOrientationPortrait UIInterfaceOrientationLandscapeLeft UIInterfaceOrientationLandscapeRight";
				LD_RUNPATH_SEARCH_PATHS = (
					"$(inherited)",
					"@executable_path/Frameworks",
				);
				MARKETING_VERSION = 1.0;
				PRODUCT_BUNDLE_IDENTIFIER = artemorlov.WhoWantToBeMillionaireChallenge;
				PRODUCT_NAME = "$(TARGET_NAME)";
				SWIFT_EMIT_LOC_STRINGS = YES;
				SWIFT_VERSION = 5.0;
				TARGETED_DEVICE_FAMILY = "1,2";
			};
			name = Debug;
		};
		00AD2D73290EE5C800CABB58 /* Release */ = {
			isa = XCBuildConfiguration;
			buildSettings = {
				ASSETCATALOG_COMPILER_APPICON_NAME = AppIcon;
				ASSETCATALOG_COMPILER_GLOBAL_ACCENT_COLOR_NAME = AccentColor;
				CODE_SIGN_STYLE = Automatic;
				CURRENT_PROJECT_VERSION = 1;
				DEVELOPMENT_TEAM = 76N9URDUCT;
				GENERATE_INFOPLIST_FILE = YES;
				INFOPLIST_FILE = WhoWantToBeMillionaireChallenge/Info.plist;
				INFOPLIST_KEY_UIApplicationSupportsIndirectInputEvents = YES;
				INFOPLIST_KEY_UILaunchStoryboardName = LaunchScreen;
				INFOPLIST_KEY_UIMainStoryboardFile = "";
				INFOPLIST_KEY_UISupportedInterfaceOrientations_iPad = "UIInterfaceOrientationPortrait UIInterfaceOrientationPortraitUpsideDown UIInterfaceOrientationLandscapeLeft UIInterfaceOrientationLandscapeRight";
				INFOPLIST_KEY_UISupportedInterfaceOrientations_iPhone = "UIInterfaceOrientationPortrait UIInterfaceOrientationLandscapeLeft UIInterfaceOrientationLandscapeRight";
				LD_RUNPATH_SEARCH_PATHS = (
					"$(inherited)",
					"@executable_path/Frameworks",
				);
				MARKETING_VERSION = 1.0;
				PRODUCT_BUNDLE_IDENTIFIER = artemorlov.WhoWantToBeMillionaireChallenge;
				PRODUCT_NAME = "$(TARGET_NAME)";
				SWIFT_EMIT_LOC_STRINGS = YES;
				SWIFT_VERSION = 5.0;
				TARGETED_DEVICE_FAMILY = "1,2";
			};
			name = Release;
		};
/* End XCBuildConfiguration section */

/* Begin XCConfigurationList section */
		00AD2D58290EE5C700CABB58 /* Build configuration list for PBXProject "WhoWantToBeMillionaireChallenge" */ = {
			isa = XCConfigurationList;
			buildConfigurations = (
				00AD2D6F290EE5C800CABB58 /* Debug */,
				00AD2D70290EE5C800CABB58 /* Release */,
			);
			defaultConfigurationIsVisible = 0;
			defaultConfigurationName = Release;
		};
		00AD2D71290EE5C800CABB58 /* Build configuration list for PBXNativeTarget "WhoWantToBeMillionaireChallenge" */ = {
			isa = XCConfigurationList;
			buildConfigurations = (
				00AD2D72290EE5C800CABB58 /* Debug */,
				00AD2D73290EE5C800CABB58 /* Release */,
			);
			defaultConfigurationIsVisible = 0;
			defaultConfigurationName = Release;
		};
/* End XCConfigurationList section */
	};
	rootObject = 00AD2D55290EE5C700CABB58 /* Project object */;
}
